Microsoft Visual Studio Solution File, Format Version 12.00
# Visual Studio Version 17
VisualStudioVersion = 17.0.31903.59
MinimumVisualStudioVersion = 10.0.40219.1
Project("{8BC9CEB8-8B4A-11D0-8D11-00A0C91BC942}") = "RNSecureStore", "RNSecureStore\RNSecureStore.vcxproj", "{FB4256A8-7FBF-4BBE-B7A9-D2B29790DA89}"
EndProject
Global
  GlobalSection(SolutionConfigurationPlatforms) = preSolution
    Debug|x64 = Debug|x64
    Release|x64 = Release|x64
    Debug|ARM64 = Debug|ARM64
    Release|ARM64 = Release|ARM64
  EndGlobalSection
  GlobalSection(ProjectConfigurationPlatforms) = postSolution
    {FB4256A8-7FBF-4BBE-B7A9-D2B29790DA89}.Debug|x64.ActiveCfg = Debug|x64
    {FB4256A8-7FBF-4BBE-B7A9-D2B29790DA89}.Debug|x64.Build.0 = Debug|x64
    {FB4256A8-7FBF-4BBE-B7A9-D2B29790DA89}.Release|x64.ActiveCfg = Release|x64
    {FB4256A8-7FBF-4BBE-B7A9-D2B29790DA89}.Release|x64.Build.0 = Release|x64
    {FB4256A8-7FBF-4BBE-B7A9-D2B29790DA89}.Debug|ARM64.ActiveCfg = Debug|ARM64
    {FB4256A8-7FBF-4BBE-B7A9-D2B29790DA89}.Debug|ARM64.Build.0 = Debug|ARM64
    {FB4256A8-7FBF-4BBE-B7A9-D2B29790DA89}.Release|ARM64.ActiveCfg = Release|ARM64
    {FB4256A8-7FBF-4BBE-B7A9-D2B29790DA89}.Release|ARM64.Build.0 = Release|ARM64
  EndGlobalSection
EndGlobal
